
Microsoft Visual Studio Solution File, Format Version 12.00
# Visual Studio Version 17
VisualStudioVersion = 17.5.33530.505
MinimumVisualStudioVersion = 10.0.40219.1
Project("{8BC9CEB8-8B4A-11D0-8D11-00A0C91BC942}") = "CodingTest", "CodingTest.vcxproj", "{875649FD-3A45-40B6-989D-F00131C8939A}"
EndProject
Project("{8BC9CEB8-8B4A-11D0-8D11-00A0C91BC942}") = "LV1_RunRace", "LV1_RunRace\LV1_RunRace.vcxproj", "{E8B90FB3-E9EA-4A9B-8479-460DAA53725C}"
EndProject
Project("{8BC9CEB8-8B4A-11D0-8D11-00A0C91BC942}") = "LV1_MemoryScore", "LV1_MemoryScore\LV1_MemoryScore.vcxproj", "{DC60835A-13E5-4E89-AB4E-E36420BD1193}"
EndProject
Project("{8BC9CEB8-8B4A-11D0-8D11-00A0C91BC942}") = "LV1_ParkWalk", "LV1_ParkWalk\LV1_ParkWalk.vcxproj", "{B6A283CA-33CE-4229-B1A6-6305771D3F07}"
EndProject
Project("{8BC9CEB8-8B4A-11D0-8D11-00A0C91BC942}") = "LV1_ReceiveReportResult", "LV1_ReceiveReportResult\LV1_ReceiveReportResult.vcxproj", "{566BE426-BF9D-41EA-A38F-1D7960E8FEEC}"
EndProject
Project("{8BC9CEB8-8B4A-11D0-8D11-00A0C91BC942}") = "LV1_PrivateDataCollectVaildityPeriod", "LV1_PrivateDataCollectVaildityPeriod\LV1_PrivateDataCollectVaildityPeriod.vcxproj", "{DE9D699A-4DE8-41C2-9732-5089C79C931F}"
EndProject
Global
	GlobalSection(SolutionConfigurationPlatforms) = preSolution
		Debug|x64 = Debug|x64
		Debug|x86 = Debug|x86
		Release|x64 = Release|x64
		Release|x86 = Release|x86
	EndGlobalSection
	GlobalSection(ProjectConfigurationPlatforms) = postSolution
		{875649FD-3A45-40B6-989D-F00131C8939A}.Debug|x64.ActiveCfg = Debug|x64
		{875649FD-3A45-40B6-989D-F00131C8939A}.Debug|x64.Build.0 = Debug|x64
		{875649FD-3A45-40B6-989D-F00131C8939A}.Debug|x86.ActiveCfg = Debug|Win32
		{875649FD-3A45-40B6-989D-F00131C8939A}.Debug|x86.Build.0 = Debug|Win32
		{875649FD-3A45-40B6-989D-F00131C8939A}.Release|x64.ActiveCfg = Release|x64
		{875649FD-3A45-40B6-989D-F00131C8939A}.Release|x64.Build.0 = Release|x64
		{875649FD-3A45-40B6-989D-F00131C8939A}.Release|x86.ActiveCfg = Release|Win32
		{875649FD-3A45-40B6-989D-F00131C8939A}.Release|x86.Build.0 = Release|Win32
		{E8B90FB3-E9EA-4A9B-8479-460DAA53725C}.Debug|x64.ActiveCfg = Debug|x64
		{E8B90FB3-E9EA-4A9B-8479-460DAA53725C}.Debug|x64.Build.0 = Debug|x64
		{E8B90FB3-E9EA-4A9B-8479-460DAA53725C}.Debug|x86.ActiveCfg = Debug|Win32
		{E8B90FB3-E9EA-4A9B-8479-460DAA53725C}.Debug|x86.Build.0 = Debug|Win32
		{E8B90FB3-E9EA-4A9B-8479-460DAA53725C}.Release|x64.ActiveCfg = Release|x64
		{E8B90FB3-E9EA-4A9B-8479-460DAA53725C}.Release|x64.Build.0 = Release|x64
		{E8B90FB3-E9EA-4A9B-8479-460DAA53725C}.Release|x86.ActiveCfg = Release|Win32
		{E8B90FB3-E9EA-4A9B-8479-460DAA53725C}.Release|x86.Build.0 = Release|Win32
		{DC60835A-13E5-4E89-AB4E-E36420BD1193}.Debug|x64.ActiveCfg = Debug|x64
		{DC60835A-13E5-4E89-AB4E-E36420BD1193}.Debug|x64.Build.0 = Debug|x64
		{DC60835A-13E5-4E89-AB4E-E36420BD1193}.Debug|x86.ActiveCfg = Debug|Win32
		{DC60835A-13E5-4E89-AB4E-E36420BD1193}.Debug|x86.Build.0 = Debug|Win32
		{DC60835A-13E5-4E89-AB4E-E36420BD1193}.Release|x64.ActiveCfg = Release|x64
		{DC60835A-13E5-4E89-AB4E-E36420BD1193}.Release|x64.Build.0 = Release|x64
		{DC60835A-13E5-4E89-AB4E-E36420BD1193}.Release|x86.ActiveCfg = Release|Win32
		{DC60835A-13E5-4E89-AB4E-E36420BD1193}.Release|x86.Build.0 = Release|Win32
		{B6A283CA-33CE-4229-B1A6-6305771D3F07}.Debug|x64.ActiveCfg = Debug|x64
		{B6A283CA-33CE-4229-B1A6-6305771D3F07}.Debug|x64.Build.0 = Debug|x64
		{B6A283CA-33CE-4229-B1A6-6305771D3F07}.Debug|x86.ActiveCfg = Debug|Win32
		{B6A283CA-33CE-4229-B1A6-6305771D3F07}.Debug|x86.Build.0 = Debug|Win32
		{B6A283CA-33CE-4229-B1A6-6305771D3F07}.Release|x64.ActiveCfg = Release|x64
		{B6A283CA-33CE-4229-B1A6-6305771D3F07}.Release|x64.Build.0 = Release|x64
		{B6A283CA-33CE-4229-B1A6-6305771D3F07}.Release|x86.ActiveCfg = Release|Win32
		{B6A283CA-33CE-4229-B1A6-6305771D3F07}.Release|x86.Build.0 = Release|Win32
		{566BE426-BF9D-41EA-A38F-1D7960E8FEEC}.Debug|x64.ActiveCfg = Debug|x64
		{566BE426-BF9D-41EA-A38F-1D7960E8FEEC}.Debug|x64.Build.0 = Debug|x64
		{566BE426-BF9D-41EA-A38F-1D7960E8FEEC}.Debug|x86.ActiveCfg = Debug|Win32
		{566BE426-BF9D-41EA-A38F-1D7960E8FEEC}.Debug|x86.Build.0 = Debug|Win32
		{566BE426-BF9D-41EA-A38F-1D7960E8FEEC}.Release|x64.ActiveCfg = Release|x64
		{566BE426-BF9D-41EA-A38F-1D7960E8FEEC}.Release|x64.Build.0 = Release|x64
		{566BE426-BF9D-41EA-A38F-1D7960E8FEEC}.Release|x86.ActiveCfg = Release|Win32
		{566BE426-BF9D-41EA-A38F-1D7960E8FEEC}.Release|x86.Build.0 = Release|Win32
		{DE9D699A-4DE8-41C2-9732-5089C79C931F}.Debug|x64.ActiveCfg = Debug|x64
		{DE9D699A-4DE8-41C2-9732-5089C79C931F}.Debug|x64.Build.0 = Debug|x64
		{DE9D699A-4DE8-41C2-9732-5089C79C931F}.Debug|x86.ActiveCfg = Debug|Win32
		{DE9D699A-4DE8-41C2-9732-5089C79C931F}.Debug|x86.Build.0 = Debug|Win32
		{DE9D699A-4DE8-41C2-9732-5089C79C931F}.Release|x64.ActiveCfg = Release|x64
		{DE9D699A-4DE8-41C2-9732-5089C79C931F}.Release|x64.Build.0 = Release|x64
		{DE9D699A-4DE8-41C2-9732-5089C79C931F}.Release|x86.ActiveCfg = Release|Win32
		{DE9D699A-4DE8-41C2-9732-5089C79C931F}.Release|x86.Build.0 = Release|Win32
	EndGlobalSection
	GlobalSection(SolutionProperties) = preSolution
		HideSolutionNode = FALSE
	EndGlobalSection
	GlobalSection(ExtensibilityGlobals) = postSolution
		SolutionGuid = {431EF6C7-FD4E-4ECA-A4AD-72BB9F451327}
	EndGlobalSection
EndGlobal
